
Microsoft Visual Studio Solution File, Format Version 12.00
# Visual Studio Version 16
VisualStudioVersion = 16.0.29411.108
MinimumVisualStudioVersion = 10.0.40219.1
Project("{FAE04EC0-301F-11D3-BF4B-00C04F79EFBC}") = "Villain Names", "Villain Names\Villain Names.csproj", "{ACC867AD-1B4F-4997-9A42-CA9FBE5614F8}"
EndProject
Global
	GlobalSection(SolutionConfigurationPlatforms) = preSolution
		Debug|Any CPU = Debug|Any CPU
		Release|Any CPU = Release|Any CPU
	EndGlobalSection
	GlobalSection(ProjectConfigurationPlatforms) = postSolution
		{ACC867AD-1B4F-4997-9A42-CA9FBE5614F8}.Debug|Any CPU.ActiveCfg = Debug|Any CPU
		{ACC867AD-1B4F-4997-9A42-CA9FBE5614F8}.Debug|Any CPU.Build.0 = Debug|Any CPU
		{ACC867AD-1B4F-4997-9A42-CA9FBE5614F8}.Release|Any CPU.ActiveCfg = Release|Any CPU
		{ACC867AD-1B4F-4997-9A42-CA9FBE5614F8}.Release|Any CPU.Build.0 = Release|Any CPU
	EndGlobalSection
	GlobalSection(SolutionProperties) = preSolution
		HideSolutionNode = FALSE
	EndGlobalSection
	GlobalSection(ExtensibilityGlobals) = postSolution
		SolutionGuid = {71DE4FA4-343F-4059-ADB8-514778F38851}
	EndGlobalSection
EndGlobal
