
Microsoft Visual Studio Solution File, Format Version 12.00
# Visual Studio Version 16
VisualStudioVersion = 16.0.29418.71
MinimumVisualStudioVersion = 10.0.40219.1
Project("{FAE04EC0-301F-11D3-BF4B-00C04F79EFBC}") = "P02_DatabaseFirst", "P02_DatabaseFirst\P02_DatabaseFirst.csproj", "{308CFA00-53D9-42EB-B1D7-62D96DCDF69D}"
EndProject
Global
	GlobalSection(SolutionConfigurationPlatforms) = preSolution
		Debug|Any CPU = Debug|Any CPU
		Release|Any CPU = Release|Any CPU
	EndGlobalSection
	GlobalSection(ProjectConfigurationPlatforms) = postSolution
		{308CFA00-53D9-42EB-B1D7-62D96DCDF69D}.Debug|Any CPU.ActiveCfg = Debug|Any CPU
		{308CFA00-53D9-42EB-B1D7-62D96DCDF69D}.Debug|Any CPU.Build.0 = Debug|Any CPU
		{308CFA00-53D9-42EB-B1D7-62D96DCDF69D}.Release|Any CPU.ActiveCfg = Release|Any CPU
		{308CFA00-53D9-42EB-B1D7-62D96DCDF69D}.Release|Any CPU.Build.0 = Release|Any CPU
	EndGlobalSection
	GlobalSection(SolutionProperties) = preSolution
		HideSolutionNode = FALSE
	EndGlobalSection
	GlobalSection(ExtensibilityGlobals) = postSolution
		SolutionGuid = {2879783B-F79F-4BB2-8514-53FA24D07CFA}
	EndGlobalSection
EndGlobal
