
Microsoft Visual Studio Solution File, Format Version 12.00
# Visual Studio Version 16
VisualStudioVersion = 16.0.29424.173
MinimumVisualStudioVersion = 10.0.40219.1
Project("{FAE04EC0-301F-11D3-BF4B-00C04F79EFBC}") = "P01_HospitalDatabase", "P01_HospitalDatabase\P01_HospitalDatabase.csproj", "{0124A05D-1A64-44A1-AA31-BCE529DA2478}"
EndProject
Project("{FAE04EC0-301F-11D3-BF4B-00C04F79EFBC}") = "P01_HospitalDatabase.Data.Models", "P01_HospitalDatabase.Data.Models\P01_HospitalDatabase.Data.Models.csproj", "{DD4D5F23-A0D7-4E9C-965B-9C275B7C4B3A}"
EndProject
Project("{FAE04EC0-301F-11D3-BF4B-00C04F79EFBC}") = "P01_HospitalDatabase.Data", "P01_HospitalDatabase.Data\P01_HospitalDatabase.Data.csproj", "{8205EADA-7D49-4371-833F-269A297036D4}"
EndProject
Global
	GlobalSection(SolutionConfigurationPlatforms) = preSolution
		Debug|Any CPU = Debug|Any CPU
		Release|Any CPU = Release|Any CPU
	EndGlobalSection
	GlobalSection(ProjectConfigurationPlatforms) = postSolution
		{0124A05D-1A64-44A1-AA31-BCE529DA2478}.Debug|Any CPU.ActiveCfg = Debug|Any CPU
		{0124A05D-1A64-44A1-AA31-BCE529DA2478}.Debug|Any CPU.Build.0 = Debug|Any CPU
		{0124A05D-1A64-44A1-AA31-BCE529DA2478}.Release|Any CPU.ActiveCfg = Release|Any CPU
		{0124A05D-1A64-44A1-AA31-BCE529DA2478}.Release|Any CPU.Build.0 = Release|Any CPU
		{DD4D5F23-A0D7-4E9C-965B-9C275B7C4B3A}.Debug|Any CPU.ActiveCfg = Debug|Any CPU
		{DD4D5F23-A0D7-4E9C-965B-9C275B7C4B3A}.Debug|Any CPU.Build.0 = Debug|Any CPU
		{DD4D5F23-A0D7-4E9C-965B-9C275B7C4B3A}.Release|Any CPU.ActiveCfg = Release|Any CPU
		{DD4D5F23-A0D7-4E9C-965B-9C275B7C4B3A}.Release|Any CPU.Build.0 = Release|Any CPU
		{8205EADA-7D49-4371-833F-269A297036D4}.Debug|Any CPU.ActiveCfg = Debug|Any CPU
		{8205EADA-7D49-4371-833F-269A297036D4}.Debug|Any CPU.Build.0 = Debug|Any CPU
		{8205EADA-7D49-4371-833F-269A297036D4}.Release|Any CPU.ActiveCfg = Release|Any CPU
		{8205EADA-7D49-4371-833F-269A297036D4}.Release|Any CPU.Build.0 = Release|Any CPU
	EndGlobalSection
	GlobalSection(SolutionProperties) = preSolution
		HideSolutionNode = FALSE
	EndGlobalSection
	GlobalSection(ExtensibilityGlobals) = postSolution
		SolutionGuid = {B285A84C-D2E7-4265-A5A7-213B3D4DDFB5}
	EndGlobalSection
EndGlobal
