
Microsoft Visual Studio Solution File, Format Version 12.00
# Visual Studio Version 16
VisualStudioVersion = 16.0.29411.108
MinimumVisualStudioVersion = 10.0.40219.1
Project("{FAE04EC0-301F-11D3-BF4B-00C04F79EFBC}") = "Increase Minion Age", "Increase Minion Age\Increase Minion Age.csproj", "{DB1E9238-4E91-498A-9668-8F3C799E576B}"
EndProject
Global
	GlobalSection(SolutionConfigurationPlatforms) = preSolution
		Debug|Any CPU = Debug|Any CPU
		Release|Any CPU = Release|Any CPU
	EndGlobalSection
	GlobalSection(ProjectConfigurationPlatforms) = postSolution
		{DB1E9238-4E91-498A-9668-8F3C799E576B}.Debug|Any CPU.ActiveCfg = Debug|Any CPU
		{DB1E9238-4E91-498A-9668-8F3C799E576B}.Debug|Any CPU.Build.0 = Debug|Any CPU
		{DB1E9238-4E91-498A-9668-8F3C799E576B}.Release|Any CPU.ActiveCfg = Release|Any CPU
		{DB1E9238-4E91-498A-9668-8F3C799E576B}.Release|Any CPU.Build.0 = Release|Any CPU
	EndGlobalSection
	GlobalSection(SolutionProperties) = preSolution
		HideSolutionNode = FALSE
	EndGlobalSection
	GlobalSection(ExtensibilityGlobals) = postSolution
		SolutionGuid = {7F96D2C5-685E-4018-81B7-90E165A704C5}
	EndGlobalSection
EndGlobal
